
Microsoft Visual Studio Solution File, Format Version 12.00
# Visual Studio 15
VisualStudioVersion = 15.0.27428.2037
MinimumVisualStudioVersion = 10.0.40219.1
Project("{FAE04EC0-301F-11D3-BF4B-00C04F79EFBC}") = "CPA_BackREST", "CPA_BackREST\CPA_BackREST.csproj", "{A82D1755-9769-440D-BD29-E72279538BA4}"
EndProject
Global
	GlobalSection(SolutionConfigurationPlatforms) = preSolution
		Debug|Any CPU = Debug|Any CPU
		Release|Any CPU = Release|Any CPU
	EndGlobalSection
	GlobalSection(ProjectConfigurationPlatforms) = postSolution
		{A82D1755-9769-440D-BD29-E72279538BA4}.Debug|Any CPU.ActiveCfg = Debug|Any CPU
		{A82D1755-9769-440D-BD29-E72279538BA4}.Debug|Any CPU.Build.0 = Debug|Any CPU
		{A82D1755-9769-440D-BD29-E72279538BA4}.Release|Any CPU.ActiveCfg = Release|Any CPU
		{A82D1755-9769-440D-BD29-E72279538BA4}.Release|Any CPU.Build.0 = Release|Any CPU
	EndGlobalSection
	GlobalSection(SolutionProperties) = preSolution
		HideSolutionNode = FALSE
	EndGlobalSection
	GlobalSection(ExtensibilityGlobals) = postSolution
		SolutionGuid = {6B7DB7D3-8E3A-485F-8E80-475395063FA1}
	EndGlobalSection
EndGlobal
